
Microsoft Visual Studio Solution File, Format Version 11.00
# Visual Studio 2010
Project("{FAE04EC0-301F-11D3-BF4B-00C04F79EFBC}") = "Car", "Assembly-CSharp.csproj", "{4F9212E2-498F-3E17-88EB-5F55920B82A0}"
EndProject
Project("{FAE04EC0-301F-11D3-BF4B-00C04F79EFBC}") = "Car", "Assembly-CSharp-Editor.csproj", "{4E4C130E-47EE-4EBC-A51B-43356C280274}"
EndProject
Project("{E9989DB5-DABE-EA61-7F40-C8DBFD07F5FB}") = "Car", "Assembly-UnityScript.unityproj", "{58C14C0B-EEF4-BC6B-38B2-A7EF4CF41326}"
EndProject
Global
	GlobalSection(SolutionConfigurationPlatforms) = preSolution
		Debug|Any CPU = Debug|Any CPU
		Release|Any CPU = Release|Any CPU
	EndGlobalSection
	GlobalSection(ProjectConfigurationPlatforms) = postSolution
		{4F9212E2-498F-3E17-88EB-5F55920B82A0}.Debug|Any CPU.ActiveCfg = Debug|Any CPU
		{4F9212E2-498F-3E17-88EB-5F55920B82A0}.Debug|Any CPU.Build.0 = Debug|Any CPU
		{4F9212E2-498F-3E17-88EB-5F55920B82A0}.Release|Any CPU.ActiveCfg = Release|Any CPU
		{4F9212E2-498F-3E17-88EB-5F55920B82A0}.Release|Any CPU.Build.0 = Release|Any CPU
		{4E4C130E-47EE-4EBC-A51B-43356C280274}.Debug|Any CPU.ActiveCfg = Debug|Any CPU
		{4E4C130E-47EE-4EBC-A51B-43356C280274}.Debug|Any CPU.Build.0 = Debug|Any CPU
		{4E4C130E-47EE-4EBC-A51B-43356C280274}.Release|Any CPU.ActiveCfg = Release|Any CPU
		{4E4C130E-47EE-4EBC-A51B-43356C280274}.Release|Any CPU.Build.0 = Release|Any CPU
		{58C14C0B-EEF4-BC6B-38B2-A7EF4CF41326}.Debug|Any CPU.ActiveCfg = Debug|Any CPU
		{58C14C0B-EEF4-BC6B-38B2-A7EF4CF41326}.Debug|Any CPU.Build.0 = Debug|Any CPU
		{58C14C0B-EEF4-BC6B-38B2-A7EF4CF41326}.Release|Any CPU.ActiveCfg = Release|Any CPU
		{58C14C0B-EEF4-BC6B-38B2-A7EF4CF41326}.Release|Any CPU.Build.0 = Release|Any CPU
	EndGlobalSection
	GlobalSection(SolutionProperties) = preSolution
		HideSolutionNode = FALSE
	EndGlobalSection
	GlobalSection(MonoDevelopProperties) = preSolution
		StartupItem = Assembly-CSharp.csproj
	EndGlobalSection
EndGlobal
